
Microsoft Visual Studio Solution File, Format Version 12.00
# Visual Studio 15
VisualStudioVersion = 15.0.28307.1684
MinimumVisualStudioVersion = 10.0.40219.1
Project("{8BC9CEB8-8B4A-11D0-8D11-00A0C91BC942}") = "P19", "P19\P19.vcxproj", "{61E52F12-9A9B-4A87-A207-BF84ABF654DF}"
EndProject
Global
	GlobalSection(SolutionConfigurationPlatforms) = preSolution
		Debug|x64 = Debug|x64
		Debug|x86 = Debug|x86
		Release|x64 = Release|x64
		Release|x86 = Release|x86
	EndGlobalSection
	GlobalSection(ProjectConfigurationPlatforms) = postSolution
		{61E52F12-9A9B-4A87-A207-BF84ABF654DF}.Debug|x64.ActiveCfg = Debug|x64
		{61E52F12-9A9B-4A87-A207-BF84ABF654DF}.Debug|x64.Build.0 = Debug|x64
		{61E52F12-9A9B-4A87-A207-BF84ABF654DF}.Debug|x86.ActiveCfg = Debug|Win32
		{61E52F12-9A9B-4A87-A207-BF84ABF654DF}.Debug|x86.Build.0 = Debug|Win32
		{61E52F12-9A9B-4A87-A207-BF84ABF654DF}.Release|x64.ActiveCfg = Release|x64
		{61E52F12-9A9B-4A87-A207-BF84ABF654DF}.Release|x64.Build.0 = Release|x64
		{61E52F12-9A9B-4A87-A207-BF84ABF654DF}.Release|x86.ActiveCfg = Release|Win32
		{61E52F12-9A9B-4A87-A207-BF84ABF654DF}.Release|x86.Build.0 = Release|Win32
	EndGlobalSection
	GlobalSection(SolutionProperties) = preSolution
		HideSolutionNode = FALSE
	EndGlobalSection
	GlobalSection(ExtensibilityGlobals) = postSolution
		SolutionGuid = {1A0BE16D-FC55-4129-B9DA-433D6F0A288C}
	EndGlobalSection
EndGlobal
