
Microsoft Visual Studio Solution File, Format Version 12.00
# Visual Studio 15
VisualStudioVersion = 15.0.28307.1684
MinimumVisualStudioVersion = 10.0.40219.1
Project("{8BC9CEB8-8B4A-11D0-8D11-00A0C91BC942}") = "P04", "P04\P04.vcxproj", "{F09AF961-736F-41B3-AFE8-7F095082D337}"
EndProject
Global
	GlobalSection(SolutionConfigurationPlatforms) = preSolution
		Debug|x64 = Debug|x64
		Debug|x86 = Debug|x86
		Release|x64 = Release|x64
		Release|x86 = Release|x86
	EndGlobalSection
	GlobalSection(ProjectConfigurationPlatforms) = postSolution
		{F09AF961-736F-41B3-AFE8-7F095082D337}.Debug|x64.ActiveCfg = Debug|x64
		{F09AF961-736F-41B3-AFE8-7F095082D337}.Debug|x64.Build.0 = Debug|x64
		{F09AF961-736F-41B3-AFE8-7F095082D337}.Debug|x86.ActiveCfg = Debug|Win32
		{F09AF961-736F-41B3-AFE8-7F095082D337}.Debug|x86.Build.0 = Debug|Win32
		{F09AF961-736F-41B3-AFE8-7F095082D337}.Release|x64.ActiveCfg = Release|x64
		{F09AF961-736F-41B3-AFE8-7F095082D337}.Release|x64.Build.0 = Release|x64
		{F09AF961-736F-41B3-AFE8-7F095082D337}.Release|x86.ActiveCfg = Release|Win32
		{F09AF961-736F-41B3-AFE8-7F095082D337}.Release|x86.Build.0 = Release|Win32
	EndGlobalSection
	GlobalSection(SolutionProperties) = preSolution
		HideSolutionNode = FALSE
	EndGlobalSection
	GlobalSection(ExtensibilityGlobals) = postSolution
		SolutionGuid = {4E48CA8D-5290-48FF-9E49-38C8A06B5956}
	EndGlobalSection
EndGlobal
