
Microsoft Visual Studio Solution File, Format Version 12.00
# Visual Studio 15
VisualStudioVersion = 15.0.28307.1684
MinimumVisualStudioVersion = 10.0.40219.1
Project("{8BC9CEB8-8B4A-11D0-8D11-00A0C91BC942}") = "P25", "P25\P25.vcxproj", "{C6F7AC2E-1F64-4CB1-BEF1-5FC71C988A5F}"
EndProject
Global
	GlobalSection(SolutionConfigurationPlatforms) = preSolution
		Debug|x64 = Debug|x64
		Debug|x86 = Debug|x86
		Release|x64 = Release|x64
		Release|x86 = Release|x86
	EndGlobalSection
	GlobalSection(ProjectConfigurationPlatforms) = postSolution
		{C6F7AC2E-1F64-4CB1-BEF1-5FC71C988A5F}.Debug|x64.ActiveCfg = Debug|x64
		{C6F7AC2E-1F64-4CB1-BEF1-5FC71C988A5F}.Debug|x64.Build.0 = Debug|x64
		{C6F7AC2E-1F64-4CB1-BEF1-5FC71C988A5F}.Debug|x86.ActiveCfg = Debug|Win32
		{C6F7AC2E-1F64-4CB1-BEF1-5FC71C988A5F}.Debug|x86.Build.0 = Debug|Win32
		{C6F7AC2E-1F64-4CB1-BEF1-5FC71C988A5F}.Release|x64.ActiveCfg = Release|x64
		{C6F7AC2E-1F64-4CB1-BEF1-5FC71C988A5F}.Release|x64.Build.0 = Release|x64
		{C6F7AC2E-1F64-4CB1-BEF1-5FC71C988A5F}.Release|x86.ActiveCfg = Release|Win32
		{C6F7AC2E-1F64-4CB1-BEF1-5FC71C988A5F}.Release|x86.Build.0 = Release|Win32
	EndGlobalSection
	GlobalSection(SolutionProperties) = preSolution
		HideSolutionNode = FALSE
	EndGlobalSection
	GlobalSection(ExtensibilityGlobals) = postSolution
		SolutionGuid = {2C4F2958-9FB6-4908-9BDB-AAD2744CE429}
	EndGlobalSection
EndGlobal
